
Microsoft Visual Studio Solution File, Format Version 12.00
# Visual Studio Version 17
VisualStudioVersion = 17.6.33723.286
MinimumVisualStudioVersion = 10.0.40219.1
Project("{F184B08F-C81C-45F6-A57F-5ABD9991F28F}") = "cracking-the-coding-interview", "cracking-the-coding-interview\cracking-the-coding-interview.vbproj", "{E3486FBA-1FC2-409A-BBDA-B65195A47512}"
EndProject
Global
	GlobalSection(SolutionConfigurationPlatforms) = preSolution
		Debug|Any CPU = Debug|Any CPU
		Release|Any CPU = Release|Any CPU
	EndGlobalSection
	GlobalSection(ProjectConfigurationPlatforms) = postSolution
		{E3486FBA-1FC2-409A-BBDA-B65195A47512}.Debug|Any CPU.ActiveCfg = Debug|Any CPU
		{E3486FBA-1FC2-409A-BBDA-B65195A47512}.Debug|Any CPU.Build.0 = Debug|Any CPU
		{E3486FBA-1FC2-409A-BBDA-B65195A47512}.Release|Any CPU.ActiveCfg = Release|Any CPU
		{E3486FBA-1FC2-409A-BBDA-B65195A47512}.Release|Any CPU.Build.0 = Release|Any CPU
	EndGlobalSection
	GlobalSection(SolutionProperties) = preSolution
		HideSolutionNode = FALSE
	EndGlobalSection
	GlobalSection(ExtensibilityGlobals) = postSolution
		SolutionGuid = {E1B42FFB-1EE2-4847-84B8-1E20317D179A}
	EndGlobalSection
EndGlobal
